github.com/dustin/go-humanize v0.0.0-20180713052910-9f541cc9db5d h1:lDrio3iIdNb0Gw9CgH7cQF+iuB5mOOjdJ9ERNJCBgb4=
github.com/dustin/go-humanize v0.0.0-20180713052910-9f541cc9db5d/go.mod h1:HtrtbFcZ19U5GC7JDqmcUSB87Iq5E25KnS6fMYU6eOk=
golang.org/x/crypto v0.0.0-20181001203147-e3636079e1a4 h1:Vk3wNqEZwyGyei9yq5ekj7frek2u7HUfffJ1/opblzc=
golang.org/x/crypto v0.0.0-20181001203147-e3636079e1a4/go.mod h1:6SG95UA2DQfeDnfUPMdvaQW0Q7yPrPDi9nlGo2tz2b4=
golang.org/x/sys v0.0.0-20180928133829-e4b3c5e90611 h1:O33LKL7WyJgjN9CvxfTIomjIClbd/Kq86/iipowHQU0=
golang.org/x/sys v0.0.0-20180928133829-e4b3c5e90611/go.mod h1:STP8DvDyc/dI5b8T5hshtkjS+E42TnysNCUPdjciGhY=
